
Microsoft Visual Studio Solution File, Format Version 12.00
# Visual Studio Version 17
VisualStudioVersion = 17.3.32922.545
MinimumVisualStudioVersion = 10.0.40219.1
Project("{FAE04EC0-301F-11D3-BF4B-00C04F79EFBC}") = "Ejecutor_multi_user", "Ejecutor_multi_user\Ejecutor_multi_user.csproj", "{7CA703DB-1F06-480A-8DD9-1ED3FAD6BB81}"
EndProject
Global
	GlobalSection(SolutionConfigurationPlatforms) = preSolution
		Debug|Any CPU = Debug|Any CPU
		Release|Any CPU = Release|Any CPU
	EndGlobalSection
	GlobalSection(ProjectConfigurationPlatforms) = postSolution
		{7CA703DB-1F06-480A-8DD9-1ED3FAD6BB81}.Debug|Any CPU.ActiveCfg = Debug|Any CPU
		{7CA703DB-1F06-480A-8DD9-1ED3FAD6BB81}.Debug|Any CPU.Build.0 = Debug|Any CPU
		{7CA703DB-1F06-480A-8DD9-1ED3FAD6BB81}.Release|Any CPU.ActiveCfg = Release|Any CPU
		{7CA703DB-1F06-480A-8DD9-1ED3FAD6BB81}.Release|Any CPU.Build.0 = Release|Any CPU
	EndGlobalSection
	GlobalSection(SolutionProperties) = preSolution
		HideSolutionNode = FALSE
	EndGlobalSection
	GlobalSection(ExtensibilityGlobals) = postSolution
		SolutionGuid = {7C19BDC9-21B1-45A8-98E8-C58456DBD796}
	EndGlobalSection
EndGlobal
